
Microsoft Visual Studio Solution File, Format Version 12.00
# Visual Studio Version 17
VisualStudioVersion = 17.14.36511.14 d17.14
MinimumVisualStudioVersion = 10.0.40219.1
Project("{FAE04EC0-301F-11D3-BF4B-00C04F79EFBC}") = "ImMemmo", "ImMemmo.csproj", "{EBB617AA-1571-418D-9C9A-498C4FF8E2EB}"
EndProject
Global
	GlobalSection(SolutionConfigurationPlatforms) = preSolution
		Debug|Any CPU = Debug|Any CPU
		Release|Any CPU = Release|Any CPU
	EndGlobalSection
	GlobalSection(ProjectConfigurationPlatforms) = postSolution
		{EBB617AA-1571-418D-9C9A-498C4FF8E2EB}.Debug|Any CPU.ActiveCfg = Debug|Any CPU
		{EBB617AA-1571-418D-9C9A-498C4FF8E2EB}.Debug|Any CPU.Build.0 = Debug|Any CPU
		{EBB617AA-1571-418D-9C9A-498C4FF8E2EB}.Release|Any CPU.ActiveCfg = Release|Any CPU
		{EBB617AA-1571-418D-9C9A-498C4FF8E2EB}.Release|Any CPU.Build.0 = Release|Any CPU
	EndGlobalSection
	GlobalSection(SolutionProperties) = preSolution
		HideSolutionNode = FALSE
	EndGlobalSection
	GlobalSection(ExtensibilityGlobals) = postSolution
		SolutionGuid = {C6602A8F-EDF1-43F8-A25B-2A41477B9C20}
	EndGlobalSection
EndGlobal
